// !$*UTF8*$!
{
	archiveVersion = 1;
	classes = {
	};
	objectVersion = 50;
	objects = {

/* Begin PBXBuildFile section */
		FA8AB287246DA972007258A5 /* Session.swift in Sources */ = {isa = PBXBuildFile; fileRef = FA8AB286246DA972007258A5 /* Session.swift */; };
		FA8AB289246DA983007258A5 /* LoginRequest.swift in Sources */ = {isa = PBXBuildFile; fileRef = FA8AB288246DA983007258A5 /* LoginRequest.swift */; };
		FA8AB28B246DA9C2007258A5 /* LoginResponse.swift in Sources */ = {isa = PBXBuildFile; fileRef = FA8AB28A246DA9C2007258A5 /* LoginResponse.swift */; };
		FA8AB28D246DA9E1007258A5 /* LoginErrorResponse.swift in Sources */ = {isa = PBXBuildFile; fileRef = FA8AB28C246DA9E1007258A5 /* LoginErrorResponse.swift */; };
		FA8AB28F246DA9FE007258A5 /* SessionError.swift in Sources */ = {isa = PBXBuildFile; fileRef = FA8AB28E246DA9FE007258A5 /* SessionError.swift */; };
		FA8AB292246DAA5E007258A5 /* RoundButton.swift in Sources */ = {isa = PBXBuildFile; fileRef = FA8AB291246DAA5E007258A5 /* RoundButton.swift */; };
		FA8AB294246DAA93007258A5 /* UIView+Extension.swift in Sources */ = {isa = PBXBuildFile; fileRef = FA8AB293246DAA93007258A5 /* UIView+Extension.swift */; };
		FA8AB296246DAAB1007258A5 /* Colors.swift in Sources */ = {isa = PBXBuildFile; fileRef = FA8AB295246DAAB1007258A5 /* Colors.swift */; };
		FA8AB298246DAAD9007258A5 /* MessageAlertController.swift in Sources */ = {isa = PBXBuildFile; fileRef = FA8AB297246DAAD9007258A5 /* MessageAlertController.swift */; };
		FA954A70246DA79C006BE9BB /* AppDelegate.swift in Sources */ = {isa = PBXBuildFile; fileRef = FA954A6F246DA79C006BE9BB /* AppDelegate.swift */; };
		FA954A72246DA79C006BE9BB /* SceneDelegate.swift in Sources */ = {isa = PBXBuildFile; fileRef = FA954A71246DA79C006BE9BB /* SceneDelegate.swift */; };
		FA954A74246DA79C006BE9BB /* SessionViewController.swift in Sources */ = {isa = PBXBuildFile; fileRef = FA954A73246DA79C006BE9BB /* SessionViewController.swift */; };
		FA954A77246DA79C006BE9BB /* Main.storyboard in Resources */ = {isa = PBXBuildFile; fileRef = FA954A75246DA79C006BE9BB /* Main.storyboard */; };
		FA954A79246DA79E006BE9BB /* Assets.xcassets in Resources */ = {isa = PBXBuildFile; fileRef = FA954A78246DA79E006BE9BB /* Assets.xcassets */; };
		FA954A7C246DA79E006BE9BB /* LaunchScreen.storyboard in Resources */ = {isa = PBXBuildFile; fileRef = FA954A7A246DA79E006BE9BB /* LaunchScreen.storyboard */; };
/* End PBXBuildFile section */

/* Begin PBXFileReference section */
		FA8AB286246DA972007258A5 /* Session.swift */ = {isa = PBXFileReference; lastKnownFileType = sourcecode.swift; path = Session.swift; sourceTree = "<group>"; };
		FA8AB288246DA983007258A5 /* LoginRequest.swift */ = {isa = PBXFileReference; lastKnownFileType = sourcecode.swift; path = LoginRequest.swift; sourceTree = "<group>"; };
		FA8AB28A246DA9C2007258A5 /* LoginResponse.swift */ = {isa = PBXFileReference; lastKnownFileType = sourcecode.swift; path = LoginResponse.swift; sourceTree = "<group>"; };
		FA8AB28C246DA9E1007258A5 /* LoginErrorResponse.swift */ = {isa = PBXFileReference; lastKnownFileType = sourcecode.swift; path = LoginErrorResponse.swift; sourceTree = "<group>"; };
		FA8AB28E246DA9FE007258A5 /* SessionError.swift */ = {isa = PBXFileReference; lastKnownFileType = sourcecode.swift; path = SessionError.swift; sourceTree = "<group>"; };
		FA8AB291246DAA5E007258A5 /* RoundButton.swift */ = {isa = PBXFileReference; lastKnownFileType = sourcecode.swift; path = RoundButton.swift; sourceTree = "<group>"; };
		FA8AB293246DAA93007258A5 /* UIView+Extension.swift */ = {isa = PBXFileReference; lastKnownFileType = sourcecode.swift; path = "UIView+Extension.swift"; sourceTree = "<group>"; };
		FA8AB295246DAAB1007258A5 /* Colors.swift */ = {isa = PBXFileReference; lastKnownFileType = sourcecode.swift; path = Colors.swift; sourceTree = "<group>"; };
		FA8AB297246DAAD9007258A5 /* MessageAlertController.swift */ = {isa = PBXFileReference; lastKnownFileType = sourcecode.swift; path = MessageAlertController.swift; sourceTree = "<group>"; };
		FA954A6C246DA79C006BE9BB /* MyFavQuotes.app */ = {isa = PBXFileReference; explicitFileType = wrapper.application; includeInIndex = 0; path = MyFavQuotes.app; sourceTree = BUILT_PRODUCTS_DIR; };
		FA954A6F246DA79C006BE9BB /* AppDelegate.swift */ = {isa = PBXFileReference; lastKnownFileType = sourcecode.swift; path = AppDelegate.swift; sourceTree = "<group>"; };
		FA954A71246DA79C006BE9BB /* SceneDelegate.swift */ = {isa = PBXFileReference; lastKnownFileType = sourcecode.swift; path = SceneDelegate.swift; sourceTree = "<group>"; };
		FA954A73246DA79C006BE9BB /* SessionViewController.swift */ = {isa = PBXFileReference; lastKnownFileType = sourcecode.swift; path = SessionViewController.swift; sourceTree = "<group>"; };
		FA954A76246DA79C006BE9BB /* Base */ = {isa = PBXFileReference; lastKnownFileType = file.storyboard; name = Base; path = Base.lproj/Main.storyboard; sourceTree = "<group>"; };
		FA954A78246DA79E006BE9BB /* Assets.xcassets */ = {isa = PBXFileReference; lastKnownFileType = folder.assetcatalog; path = Assets.xcassets; sourceTree = "<group>"; };
		FA954A7B246DA79E006BE9BB /* Base */ = {isa = PBXFileReference; lastKnownFileType = file.storyboard; name = Base; path = Base.lproj/LaunchScreen.storyboard; sourceTree = "<group>"; };
		FA954A7D246DA79E006BE9BB /* Info.plist */ = {isa = PBXFileReference; lastKnownFileType = text.plist.xml; path = Info.plist; sourceTree = "<group>"; };
/* End PBXFileReference section */

/* Begin PBXFrameworksBuildPhase section */
		FA954A69246DA79C006BE9BB /* Frameworks */ = {
			isa = PBXFrameworksBuildPhase;
			buildActionMask = 2147483647;
			files = (
			);
			runOnlyForDeploymentPostprocessing = 0;
		};
/* End PBXFrameworksBuildPhase section */

/* Begin PBXGroup section */
		FA8AB290246DAA2E007258A5 /* Ressources */ = {
			isa = PBXGroup;
			children = (
				FA8AB291246DAA5E007258A5 /* RoundButton.swift */,
				FA8AB293246DAA93007258A5 /* UIView+Extension.swift */,
				FA8AB295246DAAB1007258A5 /* Colors.swift */,
				FA8AB297246DAAD9007258A5 /* MessageAlertController.swift */,
			);
			path = Ressources;
			sourceTree = "<group>";
		};
		FA954A63246DA79C006BE9BB = {
			isa = PBXGroup;
			children = (
				FA954A6E246DA79C006BE9BB /* MyFavQuotes */,
				FA954A6D246DA79C006BE9BB /* Products */,
			);
			sourceTree = "<group>";
		};
		FA954A6D246DA79C006BE9BB /* Products */ = {
			isa = PBXGroup;
			children = (
				FA954A6C246DA79C006BE9BB /* MyFavQuotes.app */,
			);
			name = Products;
			sourceTree = "<group>";
		};
		FA954A6E246DA79C006BE9BB /* MyFavQuotes */ = {
			isa = PBXGroup;
			children = (
				FA954A83246DA7FA006BE9BB /* Session */,
				FA8AB290246DAA2E007258A5 /* Ressources */,
				FA954A6F246DA79C006BE9BB /* AppDelegate.swift */,
				FA954A71246DA79C006BE9BB /* SceneDelegate.swift */,
				FA954A78246DA79E006BE9BB /* Assets.xcassets */,
				FA954A7A246DA79E006BE9BB /* LaunchScreen.storyboard */,
				FA954A7D246DA79E006BE9BB /* Info.plist */,
			);
			path = MyFavQuotes;
			sourceTree = "<group>";
		};
		FA954A83246DA7FA006BE9BB /* Session */ = {
			isa = PBXGroup;
			children = (
				FA954A86246DA81D006BE9BB /* Model */,
				FA954A85246DA812006BE9BB /* View */,
				FA954A84246DA807006BE9BB /* Controller */,
			);
			path = Session;
			sourceTree = "<group>";
		};
		FA954A84246DA807006BE9BB /* Controller */ = {
			isa = PBXGroup;
			children = (
				FA954A73246DA79C006BE9BB /* SessionViewController.swift */,
			);
			path = Controller;
			sourceTree = "<group>";
		};
		FA954A85246DA812006BE9BB /* View */ = {
			isa = PBXGroup;
			children = (
				FA954A75246DA79C006BE9BB /* Main.storyboard */,
			);
			path = View;
			sourceTree = "<group>";
		};
		FA954A86246DA81D006BE9BB /* Model */ = {
			isa = PBXGroup;
			children = (
				FA8AB286246DA972007258A5 /* Session.swift */,
				FA8AB288246DA983007258A5 /* LoginRequest.swift */,
				FA8AB28A246DA9C2007258A5 /* LoginResponse.swift */,
				FA8AB28C246DA9E1007258A5 /* LoginErrorResponse.swift */,
				FA8AB28E246DA9FE007258A5 /* SessionError.swift */,
			);
			path = Model;
			sourceTree = "<group>";
		};
/* End PBXGroup section */

/* Begin PBXNativeTarget section */
		FA954A6B246DA79C006BE9BB /* MyFavQuotes */ = {
			isa = PBXNativeTarget;
			buildConfigurationList = FA954A80246DA79E006BE9BB /* Build configuration list for PBXNativeTarget "MyFavQuotes" */;
			buildPhases = (
				FA954A68246DA79C006BE9BB /* Sources */,
				FA954A69246DA79C006BE9BB /* Frameworks */,
				FA954A6A246DA79C006BE9BB /* Resources */,
			);
			buildRules = (
			);
			dependencies = (
			);
			name = MyFavQuotes;
			productName = MyFavQuotes;
			productReference = FA954A6C246DA79C006BE9BB /* MyFavQuotes.app */;
			productType = "com.apple.product-type.application";
		};
/* End PBXNativeTarget section */

/* Begin PBXProject section */
		FA954A64246DA79C006BE9BB /* Project object */ = {
			isa = PBXProject;
			attributes = {
				LastSwiftUpdateCheck = 1140;
				LastUpgradeCheck = 1140;
				ORGANIZATIONNAME = "Claire Sivadier";
				TargetAttributes = {
					FA954A6B246DA79C006BE9BB = {
						CreatedOnToolsVersion = 11.4;
					};
				};
			};
			buildConfigurationList = FA954A67246DA79C006BE9BB /* Build configuration list for PBXProject "MyFavQuotes" */;
			compatibilityVersion = "Xcode 9.3";
			developmentRegion = en;
			hasScannedForEncodings = 0;
			knownRegions = (
				en,
				Base,
			);
			mainGroup = FA954A63246DA79C006BE9BB;
			productRefGroup = FA954A6D246DA79C006BE9BB /* Products */;
			projectDirPath = "";
			projectRoot = "";
			targets = (
				FA954A6B246DA79C006BE9BB /* MyFavQuotes */,
			);
		};
/* End PBXProject section */

/* Begin PBXResourcesBuildPhase section */
		FA954A6A246DA79C006BE9BB /* Resources */ = {
			isa = PBXResourcesBuildPhase;
			buildActionMask = 2147483647;
			files = (
				FA954A7C246DA79E006BE9BB /* LaunchScreen.storyboard in Resources */,
				FA954A79246DA79E006BE9BB /* Assets.xcassets in Resources */,
				FA954A77246DA79C006BE9BB /* Main.storyboard in Resources */,
			);
			runOnlyForDeploymentPostprocessing = 0;
		};
/* End PBXResourcesBuildPhase section */

/* Begin PBXSourcesBuildPhase section */
		FA954A68246DA79C006BE9BB /* Sources */ = {
			isa = PBXSourcesBuildPhase;
			buildActionMask = 2147483647;
			files = (
				FA8AB292246DAA5E007258A5 /* RoundButton.swift in Sources */,
				FA8AB296246DAAB1007258A5 /* Colors.swift in Sources */,
				FA8AB287246DA972007258A5 /* Session.swift in Sources */,
				FA954A74246DA79C006BE9BB /* SessionViewController.swift in Sources */,
				FA8AB298246DAAD9007258A5 /* MessageAlertController.swift in Sources */,
				FA8AB28B246DA9C2007258A5 /* LoginResponse.swift in Sources */,
				FA8AB28F246DA9FE007258A5 /* SessionError.swift in Sources */,
				FA954A70246DA79C006BE9BB /* AppDelegate.swift in Sources */,
				FA8AB28D246DA9E1007258A5 /* LoginErrorResponse.swift in Sources */,
				FA8AB289246DA983007258A5 /* LoginRequest.swift in Sources */,
				FA8AB294246DAA93007258A5 /* UIView+Extension.swift in Sources */,
				FA954A72246DA79C006BE9BB /* SceneDelegate.swift in Sources */,
			);
			runOnlyForDeploymentPostprocessing = 0;
		};
/* End PBXSourcesBuildPhase section */

/* Begin PBXVariantGroup section */
		FA954A75246DA79C006BE9BB /* Main.storyboard */ = {
			isa = PBXVariantGroup;
			children = (
				FA954A76246DA79C006BE9BB /* Base */,
			);
			name = Main.storyboard;
			sourceTree = "<group>";
		};
		FA954A7A246DA79E006BE9BB /* LaunchScreen.storyboard */ = {
			isa = PBXVariantGroup;
			children = (
				FA954A7B246DA79E006BE9BB /* Base */,
			);
			name = LaunchScreen.storyboard;
			sourceTree = "<group>";
		};
/* End PBXVariantGroup section */

/* Begin XCBuildConfiguration section */
		FA954A7E246DA79E006BE9BB /* Debug */ = {
			isa = XCBuildConfiguration;
			buildSettings = {
				ALWAYS_SEARCH_USER_PATHS = NO;
				CLANG_ANALYZER_NONNULL = YES;
				CLANG_ANALYZER_NUMBER_OBJECT_CONVERSION = YES_AGGRESSIVE;
				CLANG_CXX_LANGUAGE_STANDARD = "gnu++14";
				CLANG_CXX_LIBRARY = "libc++";
				CLANG_ENABLE_MODULES = YES;
				CLANG_ENABLE_OBJC_ARC = YES;
				CLANG_ENABLE_OBJC_WEAK = YES;
				CLANG_WARN_BLOCK_CAPTURE_AUTORELEASING = YES;
				CLANG_WARN_BOOL_CONVERSION = YES;
				CLANG_WARN_COMMA = YES;
				CLANG_WARN_CONSTANT_CONVERSION = YES;
				CLANG_WARN_DEPRECATED_OBJC_IMPLEMENTATIONS = YES;
				CLANG_WARN_DIRECT_OBJC_ISA_USAGE = YES_ERROR;
				CLANG_WARN_DOCUMENTATION_COMMENTS = YES;
				CLANG_WARN_EMPTY_BODY = YES;
				CLANG_WARN_ENUM_CONVERSION = YES;
				CLANG_WARN_INFINITE_RECURSION = YES;
				CLANG_WARN_INT_CONVERSION = YES;
				CLANG_WARN_NON_LITERAL_NULL_CONVERSION = YES;
				CLANG_WARN_OBJC_IMPLICIT_RETAIN_SELF = YES;
				CLANG_WARN_OBJC_LITERAL_CONVERSION = YES;
				CLANG_WARN_OBJC_ROOT_CLASS = YES_ERROR;
				CLANG_WARN_RANGE_LOOP_ANALYSIS = YES;
				CLANG_WARN_STRICT_PROTOTYPES = YES;
				CLANG_WARN_SUSPICIOUS_MOVE = YES;
				CLANG_WARN_UNGUARDED_AVAILABILITY = YES_AGGRESSIVE;
				CLANG_WARN_UNREACHABLE_CODE = YES;
				CLANG_WARN__DUPLICATE_METHOD_MATCH = YES;
				COPY_PHASE_STRIP = NO;
				DEBUG_INFORMATION_FORMAT = dwarf;
				ENABLE_STRICT_OBJC_MSGSEND = YES;
				ENABLE_TESTABILITY = YES;
				GCC_C_LANGUAGE_STANDARD = gnu11;
				GCC_DYNAMIC_NO_PIC = NO;
				GCC_NO_COMMON_BLOCKS = YES;
				GCC_OPTIMIZATION_LEVEL = 0;
				GCC_PREPROCESSOR_DEFINITIONS = (
					"DEBUG=1",
					"$(inherited)",
				);
				GCC_WARN_64_TO_32_BIT_CONVERSION = YES;
				GCC_WARN_ABOUT_RETURN_TYPE = YES_ERROR;
				GCC_WARN_UNDECLARED_SELECTOR = YES;
				GCC_WARN_UNINITIALIZED_AUTOS = YES_AGGRESSIVE;
				GCC_WARN_UNUSED_FUNCTION = YES;
				GCC_WARN_UNUSED_VARIABLE = YES;
				IPHONEOS_DEPLOYMENT_TARGET = 13.4;
				MTL_ENABLE_DEBUG_INFO = INCLUDE_SOURCE;
				MTL_FAST_MATH = YES;
				ONLY_ACTIVE_ARCH = YES;
				SDKROOT = iphoneos;
				SWIFT_ACTIVE_COMPILATION_CONDITIONS = DEBUG;
				SWIFT_OPTIMIZATION_LEVEL = "-Onone";
			};
			name = Debug;
		};
		FA954A7F246DA79E006BE9BB /* Release */ = {
			isa = XCBuildConfiguration;
			buildSettings = {
				ALWAYS_SEARCH_USER_PATHS = NO;
				CLANG_ANALYZER_NONNULL = YES;
				CLANG_ANALYZER_NUMBER_OBJECT_CONVERSION = YES_AGGRESSIVE;
				CLANG_CXX_LANGUAGE_STANDARD = "gnu++14";
				CLANG_CXX_LIBRARY = "libc++";
				CLANG_ENABLE_MODULES = YES;
				CLANG_ENABLE_OBJC_ARC = YES;
				CLANG_ENABLE_OBJC_WEAK = YES;
				CLANG_WARN_BLOCK_CAPTURE_AUTORELEASING = YES;
				CLANG_WARN_BOOL_CONVERSION = YES;
				CLANG_WARN_COMMA = YES;
				CLANG_WARN_CONSTANT_CONVERSION = YES;
				CLANG_WARN_DEPRECATED_OBJC_IMPLEMENTATIONS = YES;
				CLANG_WARN_DIRECT_OBJC_ISA_USAGE = YES_ERROR;
				CLANG_WARN_DOCUMENTATION_COMMENTS = YES;
				CLANG_WARN_EMPTY_BODY = YES;
				CLANG_WARN_ENUM_CONVERSION = YES;
				CLANG_WARN_INFINITE_RECURSION = YES;
				CLANG_WARN_INT_CONVERSION = YES;
				CLANG_WARN_NON_LITERAL_NULL_CONVERSION = YES;
				CLANG_WARN_OBJC_IMPLICIT_RETAIN_SELF = YES;
				CLANG_WARN_OBJC_LITERAL_CONVERSION = YES;
				CLANG_WARN_OBJC_ROOT_CLASS = YES_ERROR;
				CLANG_WARN_RANGE_LOOP_ANALYSIS = YES;
				CLANG_WARN_STRICT_PROTOTYPES = YES;
				CLANG_WARN_SUSPICIOUS_MOVE = YES;
				CLANG_WARN_UNGUARDED_AVAILABILITY = YES_AGGRESSIVE;
				CLANG_WARN_UNREACHABLE_CODE = YES;
				CLANG_WARN__DUPLICATE_METHOD_MATCH = YES;
				COPY_PHASE_STRIP = NO;
				DEBUG_INFORMATION_FORMAT = "dwarf-with-dsym";
				ENABLE_NS_ASSERTIONS = NO;
				ENABLE_STRICT_OBJC_MSGSEND = YES;
				GCC_C_LANGUAGE_STANDARD = gnu11;
				GCC_NO_COMMON_BLOCKS = YES;
				GCC_WARN_64_TO_32_BIT_CONVERSION = YES;
				GCC_WARN_ABOUT_RETURN_TYPE = YES_ERROR;
				GCC_WARN_UNDECLARED_SELECTOR = YES;
				GCC_WARN_UNINITIALIZED_AUTOS = YES_AGGRESSIVE;
				GCC_WARN_UNUSED_FUNCTION = YES;
				GCC_WARN_UNUSED_VARIABLE = YES;
				IPHONEOS_DEPLOYMENT_TARGET = 13.4;
				MTL_ENABLE_DEBUG_INFO = NO;
				MTL_FAST_MATH = YES;
				SDKROOT = iphoneos;
				SWIFT_COMPILATION_MODE = wholemodule;
				SWIFT_OPTIMIZATION_LEVEL = "-O";
				VALIDATE_PRODUCT = YES;
			};
			name = Release;
		};
		FA954A81246DA79E006BE9BB /* Debug */ = {
			isa = XCBuildConfiguration;
			buildSettings = {
				ASSETCATALOG_COMPILER_APPICON_NAME = AppIcon;
				CODE_SIGN_STYLE = Automatic;
				DEVELOPMENT_TEAM = BDMB887655;
				INFOPLIST_FILE = MyFavQuotes/Info.plist;
				LD_RUNPATH_SEARCH_PATHS = (
					"$(inherited)",
					"@executable_path/Frameworks",
				);
				PRODUCT_BUNDLE_IDENTIFIER = com.ClaireSivadier.MyFavQuotes;
				PRODUCT_NAME = "$(TARGET_NAME)";
				SWIFT_VERSION = 5.0;
				TARGETED_DEVICE_FAMILY = "1,2";
			};
			name = Debug;
		};
		FA954A82246DA79E006BE9BB /* Release */ = {
			isa = XCBuildConfiguration;
			buildSettings = {
				ASSETCATALOG_COMPILER_APPICON_NAME = AppIcon;
				CODE_SIGN_STYLE = Automatic;
				DEVELOPMENT_TEAM = BDMB887655;
				INFOPLIST_FILE = MyFavQuotes/Info.plist;
				LD_RUNPATH_SEARCH_PATHS = (
					"$(inherited)",
					"@executable_path/Frameworks",
				);
				PRODUCT_BUNDLE_IDENTIFIER = com.ClaireSivadier.MyFavQuotes;
				PRODUCT_NAME = "$(TARGET_NAME)";
				SWIFT_VERSION = 5.0;
				TARGETED_DEVICE_FAMILY = "1,2";
			};
			name = Release;
		};
/* End XCBuildConfiguration section */

/* Begin XCConfigurationList section */
		FA954A67246DA79C006BE9BB /* Build configuration list for PBXProject "MyFavQuotes" */ = {
			isa = XCConfigurationList;
			buildConfigurations = (
				FA954A7E246DA79E006BE9BB /* Debug */,
				FA954A7F246DA79E006BE9BB /* Release */,
			);
			defaultConfigurationIsVisible = 0;
			defaultConfigurationName = Release;
		};
		FA954A80246DA79E006BE9BB /* Build configuration list for PBXNativeTarget "MyFavQuotes" */ = {
			isa = XCConfigurationList;
			buildConfigurations = (
				FA954A81246DA79E006BE9BB /* Debug */,
				FA954A82246DA79E006BE9BB /* Release */,
			);
			defaultConfigurationIsVisible = 0;
			defaultConfigurationName = Release;
		};
/* End XCConfigurationList section */
	};
	rootObject = FA954A64246DA79C006BE9BB /* Project object */;
}
